{
  "name": "desafio_01",
  "version": "1.0.0",
  "lockfileVersion": 3,
  "requires": true,
  "packages": {
    "": {
      "name": "desafio_01",
      "version": "1.0.0",
      "license": "ISC",
      "dependencies": {
        "csv-generate": "^4.2.6",
        "csv-parse": "^5.4.0"
      },
      "engines": {
        "node": ">=18.16"
      }
    },
    "node_modules/csv-generate": {
      "version": "4.2.6",
      "resolved": "https://registry.npmmirror.com/csv-generate/-/csv-generate-4.2.6.tgz",
      "integrity": "sha512-VtnYqhWLcsUocA346ewFOk+rrqcoT663j11vXzD2uelXq9WguQ3QzDeVD8ISso7hhVtkDSHcWl9psdemeiEHDA=="
    },
    "node_modules/csv-parse": {
      "version": "5.4.0",
      "resolved": "https://registry.npmmirror.com/csv-parse/-/csv-parse-5.4.0.tgz",
      "integrity": "sha512-JiQosUWiOFgp4hQn0an+SBoV9IKdqzhROM0iiN4LB7UpfJBlsSJlWl9nq4zGgxgMAzHJ6V4t29VAVD+3+2NJAg=="
    }
  }
}
